// !$*UTF8*$!
{
	archiveVersion = 1;
	classes = {
	};
	objectVersion = 56;
	objects = {

/* Begin PBXBuildFile section */
		ABAF412C29E7369600669FB0 /* AppDelegate.swift in Sources */ = {isa = PBXBuildFile; fileRef = ABAF412B29E7369600669FB0 /* AppDelegate.swift */; };
		ABAF412E29E7369600669FB0 /* SceneDelegate.swift in Sources */ = {isa = PBXBuildFile; fileRef = ABAF412D29E7369600669FB0 /* SceneDelegate.swift */; };
		ABAF413029E7369600669FB0 /* ViewController.swift in Sources */ = {isa = PBXBuildFile; fileRef = ABAF412F29E7369600669FB0 /* ViewController.swift */; };
		ABAF413329E7369600669FB0 /* Main.storyboard in Resources */ = {isa = PBXBuildFile; fileRef = ABAF413129E7369600669FB0 /* Main.storyboard */; };
		ABAF413529E7369700669FB0 /* Assets.xcassets in Resources */ = {isa = PBXBuildFile; fileRef = ABAF413429E7369700669FB0 /* Assets.xcassets */; };
		ABAF413829E7369700669FB0 /* LaunchScreen.storyboard in Resources */ = {isa = PBXBuildFile; fileRef = ABAF413629E7369700669FB0 /* LaunchScreen.storyboard */; };
		ABAF414329E7369700669FB0 /* RemindfulTests.swift in Sources */ = {isa = PBXBuildFile; fileRef = ABAF414229E7369700669FB0 /* RemindfulTests.swift */; };
		ABAF414D29E7369700669FB0 /* RemindfulUITests.swift in Sources */ = {isa = PBXBuildFile; fileRef = ABAF414C29E7369700669FB0 /* RemindfulUITests.swift */; };
		ABAF414F29E7369700669FB0 /* RemindfulUITestsLaunchTests.swift in Sources */ = {isa = PBXBuildFile; fileRef = ABAF414E29E7369700669FB0 /* RemindfulUITestsLaunchTests.swift */; };
		ABAF415D29E7406100669FB0 /* HabitView.swift in Sources */ = {isa = PBXBuildFile; fileRef = ABAF415C29E7406100669FB0 /* HabitView.swift */; };
		ABAF415F29E740CE00669FB0 /* ToDoView.swift in Sources */ = {isa = PBXBuildFile; fileRef = ABAF415E29E740CE00669FB0 /* ToDoView.swift */; };
/* End PBXBuildFile section */

/* Begin PBXContainerItemProxy section */
		ABAF413F29E7369700669FB0 /* PBXContainerItemProxy */ = {
			isa = PBXContainerItemProxy;
			containerPortal = ABAF412029E7369600669FB0 /* Project object */;
			proxyType = 1;
			remoteGlobalIDString = ABAF412729E7369600669FB0;
			remoteInfo = Remindful;
		};
		ABAF414929E7369700669FB0 /* PBXContainerItemProxy */ = {
			isa = PBXContainerItemProxy;
			containerPortal = ABAF412029E7369600669FB0 /* Project object */;
			proxyType = 1;
			remoteGlobalIDString = ABAF412729E7369600669FB0;
			remoteInfo = Remindful;
		};
/* End PBXContainerItemProxy section */

/* Begin PBXFileReference section */
		ABAF412829E7369600669FB0 /* Remindful.app */ = {isa = PBXFileReference; explicitFileType = wrapper.application; includeInIndex = 0; path = Remindful.app; sourceTree = BUILT_PRODUCTS_DIR; };
		ABAF412B29E7369600669FB0 /* AppDelegate.swift */ = {isa = PBXFileReference; lastKnownFileType = sourcecode.swift; path = AppDelegate.swift; sourceTree = "<group>"; };
		ABAF412D29E7369600669FB0 /* SceneDelegate.swift */ = {isa = PBXFileReference; lastKnownFileType = sourcecode.swift; path = SceneDelegate.swift; sourceTree = "<group>"; };
		ABAF412F29E7369600669FB0 /* ViewController.swift */ = {isa = PBXFileReference; lastKnownFileType = sourcecode.swift; path = ViewController.swift; sourceTree = "<group>"; };
		ABAF413229E7369600669FB0 /* Base */ = {isa = PBXFileReference; lastKnownFileType = file.storyboard; name = Base; path = Base.lproj/Main.storyboard; sourceTree = "<group>"; };
		ABAF413429E7369700669FB0 /* Assets.xcassets */ = {isa = PBXFileReference; lastKnownFileType = folder.assetcatalog; path = Assets.xcassets; sourceTree = "<group>"; };
		ABAF413729E7369700669FB0 /* Base */ = {isa = PBXFileReference; lastKnownFileType = file.storyboard; name = Base; path = Base.lproj/LaunchScreen.storyboard; sourceTree = "<group>"; };
		ABAF413929E7369700669FB0 /* Info.plist */ = {isa = PBXFileReference; lastKnownFileType = text.plist.xml; path = Info.plist; sourceTree = "<group>"; };
		ABAF413E29E7369700669FB0 /* RemindfulTests.xctest */ = {isa = PBXFileReference; explicitFileType = wrapper.cfbundle; includeInIndex = 0; path = RemindfulTests.xctest; sourceTree = BUILT_PRODUCTS_DIR; };
		ABAF414229E7369700669FB0 /* RemindfulTests.swift */ = {isa = PBXFileReference; lastKnownFileType = sourcecode.swift; path = RemindfulTests.swift; sourceTree = "<group>"; };
		ABAF414829E7369700669FB0 /* RemindfulUITests.xctest */ = {isa = PBXFileReference; explicitFileType = wrapper.cfbundle; includeInIndex = 0; path = RemindfulUITests.xctest; sourceTree = BUILT_PRODUCTS_DIR; };
		ABAF414C29E7369700669FB0 /* RemindfulUITests.swift */ = {isa = PBXFileReference; lastKnownFileType = sourcecode.swift; path = RemindfulUITests.swift; sourceTree = "<group>"; };
		ABAF414E29E7369700669FB0 /* RemindfulUITestsLaunchTests.swift */ = {isa = PBXFileReference; lastKnownFileType = sourcecode.swift; path = RemindfulUITestsLaunchTests.swift; sourceTree = "<group>"; };
		ABAF415B29E736B200669FB0 /* README.md */ = {isa = PBXFileReference; lastKnownFileType = net.daringfireball.markdown; path = README.md; sourceTree = "<group>"; };
		ABAF415C29E7406100669FB0 /* HabitView.swift */ = {isa = PBXFileReference; lastKnownFileType = sourcecode.swift; path = HabitView.swift; sourceTree = "<group>"; };
		ABAF415E29E740CE00669FB0 /* ToDoView.swift */ = {isa = PBXFileReference; lastKnownFileType = sourcecode.swift; path = ToDoView.swift; sourceTree = "<group>"; };
/* End PBXFileReference section */

/* Begin PBXFrameworksBuildPhase section */
		ABAF412529E7369600669FB0 /* Frameworks */ = {
			isa = PBXFrameworksBuildPhase;
			buildActionMask = 2147483647;
			files = (
			);
			runOnlyForDeploymentPostprocessing = 0;
		};
		ABAF413B29E7369700669FB0 /* Frameworks */ = {
			isa = PBXFrameworksBuildPhase;
			buildActionMask = 2147483647;
			files = (
			);
			runOnlyForDeploymentPostprocessing = 0;
		};
		ABAF414529E7369700669FB0 /* Frameworks */ = {
			isa = PBXFrameworksBuildPhase;
			buildActionMask = 2147483647;
			files = (
			);
			runOnlyForDeploymentPostprocessing = 0;
		};
/* End PBXFrameworksBuildPhase section */

/* Begin PBXGroup section */
		ABAF411F29E7369600669FB0 = {
			isa = PBXGroup;
			children = (
				ABAF415B29E736B200669FB0 /* README.md */,
				ABAF412A29E7369600669FB0 /* Remindful */,
				ABAF414129E7369700669FB0 /* RemindfulTests */,
				ABAF414B29E7369700669FB0 /* RemindfulUITests */,
				ABAF412929E7369600669FB0 /* Products */,
			);
			sourceTree = "<group>";
		};
		ABAF412929E7369600669FB0 /* Products */ = {
			isa = PBXGroup;
			children = (
				ABAF412829E7369600669FB0 /* Remindful.app */,
				ABAF413E29E7369700669FB0 /* RemindfulTests.xctest */,
				ABAF414829E7369700669FB0 /* RemindfulUITests.xctest */,
			);
			name = Products;
			sourceTree = "<group>";
		};
		ABAF412A29E7369600669FB0 /* Remindful */ = {
			isa = PBXGroup;
			children = (
				ABAF412B29E7369600669FB0 /* AppDelegate.swift */,
				ABAF412D29E7369600669FB0 /* SceneDelegate.swift */,
				ABAF412F29E7369600669FB0 /* ViewController.swift */,
				ABAF415C29E7406100669FB0 /* HabitView.swift */,
				ABAF415E29E740CE00669FB0 /* ToDoView.swift */,
				ABAF413129E7369600669FB0 /* Main.storyboard */,
				ABAF413429E7369700669FB0 /* Assets.xcassets */,
				ABAF413629E7369700669FB0 /* LaunchScreen.storyboard */,
				ABAF413929E7369700669FB0 /* Info.plist */,
			);
			path = Remindful;
			sourceTree = "<group>";
		};
		ABAF414129E7369700669FB0 /* RemindfulTests */ = {
			isa = PBXGroup;
			children = (
				ABAF414229E7369700669FB0 /* RemindfulTests.swift */,
			);
			path = RemindfulTests;
			sourceTree = "<group>";
		};
		ABAF414B29E7369700669FB0 /* RemindfulUITests */ = {
			isa = PBXGroup;
			children = (
				ABAF414C29E7369700669FB0 /* RemindfulUITests.swift */,
				ABAF414E29E7369700669FB0 /* RemindfulUITestsLaunchTests.swift */,
			);
			path = RemindfulUITests;
			sourceTree = "<group>";
		};
/* End PBXGroup section */

/* Begin PBXNativeTarget section */
		ABAF412729E7369600669FB0 /* Remindful */ = {
			isa = PBXNativeTarget;
			buildConfigurationList = ABAF415229E7369700669FB0 /* Build configuration list for PBXNativeTarget "Remindful" */;
			buildPhases = (
				ABAF412429E7369600669FB0 /* Sources */,
				ABAF412529E7369600669FB0 /* Frameworks */,
				ABAF412629E7369600669FB0 /* Resources */,
			);
			buildRules = (
			);
			dependencies = (
			);
			name = Remindful;
			productName = Remindful;
			productReference = ABAF412829E7369600669FB0 /* Remindful.app */;
			productType = "com.apple.product-type.application";
		};
		ABAF413D29E7369700669FB0 /* RemindfulTests */ = {
			isa = PBXNativeTarget;
			buildConfigurationList = ABAF415529E7369700669FB0 /* Build configuration list for PBXNativeTarget "RemindfulTests" */;
			buildPhases = (
				ABAF413A29E7369700669FB0 /* Sources */,
				ABAF413B29E7369700669FB0 /* Frameworks */,
				ABAF413C29E7369700669FB0 /* Resources */,
			);
			buildRules = (
			);
			dependencies = (
				ABAF414029E7369700669FB0 /* PBXTargetDependency */,
			);
			name = RemindfulTests;
			productName = RemindfulTests;
			productReference = ABAF413E29E7369700669FB0 /* RemindfulTests.xctest */;
			productType = "com.apple.product-type.bundle.unit-test";
		};
		ABAF414729E7369700669FB0 /* RemindfulUITests */ = {
			isa = PBXNativeTarget;
			buildConfigurationList = ABAF415829E7369700669FB0 /* Build configuration list for PBXNativeTarget "RemindfulUITests" */;
			buildPhases = (
				ABAF414429E7369700669FB0 /* Sources */,
				ABAF414529E7369700669FB0 /* Frameworks */,
				ABAF414629E7369700669FB0 /* Resources */,
			);
			buildRules = (
			);
			dependencies = (
				ABAF414A29E7369700669FB0 /* PBXTargetDependency */,
			);
			name = RemindfulUITests;
			productName = RemindfulUITests;
			productReference = ABAF414829E7369700669FB0 /* RemindfulUITests.xctest */;
			productType = "com.apple.product-type.bundle.ui-testing";
		};
/* End PBXNativeTarget section */

/* Begin PBXProject section */
		ABAF412029E7369600669FB0 /* Project object */ = {
			isa = PBXProject;
			attributes = {
				BuildIndependentTargetsInParallel = 1;
				LastSwiftUpdateCheck = 1430;
				LastUpgradeCheck = 1430;
				TargetAttributes = {
					ABAF412729E7369600669FB0 = {
						CreatedOnToolsVersion = 14.3;
					};
					ABAF413D29E7369700669FB0 = {
						CreatedOnToolsVersion = 14.3;
						TestTargetID = ABAF412729E7369600669FB0;
					};
					ABAF414729E7369700669FB0 = {
						CreatedOnToolsVersion = 14.3;
						TestTargetID = ABAF412729E7369600669FB0;
					};
				};
			};
			buildConfigurationList = ABAF412329E7369600669FB0 /* Build configuration list for PBXProject "Remindful" */;
			compatibilityVersion = "Xcode 14.0";
			developmentRegion = en;
			hasScannedForEncodings = 0;
			knownRegions = (
				en,
				Base,
			);
			mainGroup = ABAF411F29E7369600669FB0;
			productRefGroup = ABAF412929E7369600669FB0 /* Products */;
			projectDirPath = "";
			projectRoot = "";
			targets = (
				ABAF412729E7369600669FB0 /* Remindful */,
				ABAF413D29E7369700669FB0 /* RemindfulTests */,
				ABAF414729E7369700669FB0 /* RemindfulUITests */,
			);
		};
/* End PBXProject section */

/* Begin PBXResourcesBuildPhase section */
		ABAF412629E7369600669FB0 /* Resources */ = {
			isa = PBXResourcesBuildPhase;
			buildActionMask = 2147483647;
			files = (
				ABAF413829E7369700669FB0 /* LaunchScreen.storyboard in Resources */,
				ABAF413529E7369700669FB0 /* Assets.xcassets in Resources */,
				ABAF413329E7369600669FB0 /* Main.storyboard in Resources */,
			);
			runOnlyForDeploymentPostprocessing = 0;
		};
		ABAF413C29E7369700669FB0 /* Resources */ = {
			isa = PBXResourcesBuildPhase;
			buildActionMask = 2147483647;
			files = (
			);
			runOnlyForDeploymentPostprocessing = 0;
		};
		ABAF414629E7369700669FB0 /* Resources */ = {
			isa = PBXResourcesBuildPhase;
			buildActionMask = 2147483647;
			files = (
			);
			runOnlyForDeploymentPostprocessing = 0;
		};
/* End PBXResourcesBuildPhase section */

/* Begin PBXSourcesBuildPhase section */
		ABAF412429E7369600669FB0 /* Sources */ = {
			isa = PBXSourcesBuildPhase;
			buildActionMask = 2147483647;
			files = (
				ABAF413029E7369600669FB0 /* ViewController.swift in Sources */,
				ABAF415D29E7406100669FB0 /* HabitView.swift in Sources */,
				ABAF412C29E7369600669FB0 /* AppDelegate.swift in Sources */,
				ABAF412E29E7369600669FB0 /* SceneDelegate.swift in Sources */,
				ABAF415F29E740CE00669FB0 /* ToDoView.swift in Sources */,
			);
			runOnlyForDeploymentPostprocessing = 0;
		};
		ABAF413A29E7369700669FB0 /* Sources */ = {
			isa = PBXSourcesBuildPhase;
			buildActionMask = 2147483647;
			files = (
				ABAF414329E7369700669FB0 /* RemindfulTests.swift in Sources */,
			);
			runOnlyForDeploymentPostprocessing = 0;
		};
		ABAF414429E7369700669FB0 /* Sources */ = {
			isa = PBXSourcesBuildPhase;
			buildActionMask = 2147483647;
			files = (
				ABAF414D29E7369700669FB0 /* RemindfulUITests.swift in Sources */,
				ABAF414F29E7369700669FB0 /* RemindfulUITestsLaunchTests.swift in Sources */,
			);
			runOnlyForDeploymentPostprocessing = 0;
		};
/* End PBXSourcesBuildPhase section */

/* Begin PBXTargetDependency section */
		ABAF414029E7369700669FB0 /* PBXTargetDependency */ = {
			isa = PBXTargetDependency;
			target = ABAF412729E7369600669FB0 /* Remindful */;
			targetProxy = ABAF413F29E7369700669FB0 /* PBXContainerItemProxy */;
		};
		ABAF414A29E7369700669FB0 /* PBXTargetDependency */ = {
			isa = PBXTargetDependency;
			target = ABAF412729E7369600669FB0 /* Remindful */;
			targetProxy = ABAF414929E7369700669FB0 /* PBXContainerItemProxy */;
		};
/* End PBXTargetDependency section */

/* Begin PBXVariantGroup section */
		ABAF413129E7369600669FB0 /* Main.storyboard */ = {
			isa = PBXVariantGroup;
			children = (
				ABAF413229E7369600669FB0 /* Base */,
			);
			name = Main.storyboard;
			sourceTree = "<group>";
		};
		ABAF413629E7369700669FB0 /* LaunchScreen.storyboard */ = {
			isa = PBXVariantGroup;
			children = (
				ABAF413729E7369700669FB0 /* Base */,
			);
			name = LaunchScreen.storyboard;
			sourceTree = "<group>";
		};
/* End PBXVariantGroup section */

/* Begin XCBuildConfiguration section */
		ABAF415029E7369700669FB0 /* Debug */ = {
			isa = XCBuildConfiguration;
			buildSettings = {
				ALWAYS_SEARCH_USER_PATHS = NO;
				CLANG_ANALYZER_NONNULL = YES;
				CLANG_ANALYZER_NUMBER_OBJECT_CONVERSION = YES_AGGRESSIVE;
				CLANG_CXX_LANGUAGE_STANDARD = "gnu++20";
				CLANG_ENABLE_MODULES = YES;
				CLANG_ENABLE_OBJC_ARC = YES;
				CLANG_ENABLE_OBJC_WEAK = YES;
				CLANG_WARN_BLOCK_CAPTURE_AUTORELEASING = YES;
				CLANG_WARN_BOOL_CONVERSION = YES;
				CLANG_WARN_COMMA = YES;
				CLANG_WARN_CONSTANT_CONVERSION = YES;
				CLANG_WARN_DEPRECATED_OBJC_IMPLEMENTATIONS = YES;
				CLANG_WARN_DIRECT_OBJC_ISA_USAGE = YES_ERROR;
				CLANG_WARN_DOCUMENTATION_COMMENTS = YES;
				CLANG_WARN_EMPTY_BODY = YES;
				CLANG_WARN_ENUM_CONVERSION = YES;
				CLANG_WARN_INFINITE_RECURSION = YES;
				CLANG_WARN_INT_CONVERSION = YES;
				CLANG_WARN_NON_LITERAL_NULL_CONVERSION = YES;
				CLANG_WARN_OBJC_IMPLICIT_RETAIN_SELF = YES;
				CLANG_WARN_OBJC_LITERAL_CONVERSION = YES;
				CLANG_WARN_OBJC_ROOT_CLASS = YES_ERROR;
				CLANG_WARN_QUOTED_INCLUDE_IN_FRAMEWORK_HEADER = YES;
				CLANG_WARN_RANGE_LOOP_ANALYSIS = YES;
				CLANG_WARN_STRICT_PROTOTYPES = YES;
				CLANG_WARN_SUSPICIOUS_MOVE = YES;
				CLANG_WARN_UNGUARDED_AVAILABILITY = YES_AGGRESSIVE;
				CLANG_WARN_UNREACHABLE_CODE = YES;
				CLANG_WARN__DUPLICATE_METHOD_MATCH = YES;
				COPY_PHASE_STRIP = NO;
				DEBUG_INFORMATION_FORMAT = dwarf;
				ENABLE_STRICT_OBJC_MSGSEND = YES;
				ENABLE_TESTABILITY = YES;
				GCC_C_LANGUAGE_STANDARD = gnu11;
				GCC_DYNAMIC_NO_PIC = NO;
				GCC_NO_COMMON_BLOCKS = YES;
				GCC_OPTIMIZATION_LEVEL = 0;
				GCC_PREPROCESSOR_DEFINITIONS = (
					"DEBUG=1",
					"$(inherited)",
				);
				GCC_WARN_64_TO_32_BIT_CONVERSION = YES;
				GCC_WARN_ABOUT_RETURN_TYPE = YES_ERROR;
				GCC_WARN_UNDECLARED_SELECTOR = YES;
				GCC_WARN_UNINITIALIZED_AUTOS = YES_AGGRESSIVE;
				GCC_WARN_UNUSED_FUNCTION = YES;
				GCC_WARN_UNUSED_VARIABLE = YES;
				IPHONEOS_DEPLOYMENT_TARGET = 16.4;
				MTL_ENABLE_DEBUG_INFO = INCLUDE_SOURCE;
				MTL_FAST_MATH = YES;
				ONLY_ACTIVE_ARCH = YES;
				SDKROOT = iphoneos;
				SWIFT_ACTIVE_COMPILATION_CONDITIONS = DEBUG;
				SWIFT_OPTIMIZATION_LEVEL = "-Onone";
			};
			name = Debug;
		};
		ABAF415129E7369700669FB0 /* Release */ = {
			isa = XCBuildConfiguration;
			buildSettings = {
				ALWAYS_SEARCH_USER_PATHS = NO;
				CLANG_ANALYZER_NONNULL = YES;
				CLANG_ANALYZER_NUMBER_OBJECT_CONVERSION = YES_AGGRESSIVE;
				CLANG_CXX_LANGUAGE_STANDARD = "gnu++20";
				CLANG_ENABLE_MODULES = YES;
				CLANG_ENABLE_OBJC_ARC = YES;
				CLANG_ENABLE_OBJC_WEAK = YES;
				CLANG_WARN_BLOCK_CAPTURE_AUTORELEASING = YES;
				CLANG_WARN_BOOL_CONVERSION = YES;
				CLANG_WARN_COMMA = YES;
				CLANG_WARN_CONSTANT_CONVERSION = YES;
				CLANG_WARN_DEPRECATED_OBJC_IMPLEMENTATIONS = YES;
				CLANG_WARN_DIRECT_OBJC_ISA_USAGE = YES_ERROR;
				CLANG_WARN_DOCUMENTATION_COMMENTS = YES;
				CLANG_WARN_EMPTY_BODY = YES;
				CLANG_WARN_ENUM_CONVERSION = YES;
				CLANG_WARN_INFINITE_RECURSION = YES;
				CLANG_WARN_INT_CONVERSION = YES;
				CLANG_WARN_NON_LITERAL_NULL_CONVERSION = YES;
				CLANG_WARN_OBJC_IMPLICIT_RETAIN_SELF = YES;
				CLANG_WARN_OBJC_LITERAL_CONVERSION = YES;
				CLANG_WARN_OBJC_ROOT_CLASS = YES_ERROR;
				CLANG_WARN_QUOTED_INCLUDE_IN_FRAMEWORK_HEADER = YES;
				CLANG_WARN_RANGE_LOOP_ANALYSIS = YES;
				CLANG_WARN_STRICT_PROTOTYPES = YES;
				CLANG_WARN_SUSPICIOUS_MOVE = YES;
				CLANG_WARN_UNGUARDED_AVAILABILITY = YES_AGGRESSIVE;
				CLANG_WARN_UNREACHABLE_CODE = YES;
				CLANG_WARN__DUPLICATE_METHOD_MATCH = YES;
				COPY_PHASE_STRIP = NO;
				DEBUG_INFORMATION_FORMAT = "dwarf-with-dsym";
				ENABLE_NS_ASSERTIONS = NO;
				ENABLE_STRICT_OBJC_MSGSEND = YES;
				GCC_C_LANGUAGE_STANDARD = gnu11;
				GCC_NO_COMMON_BLOCKS = YES;
				GCC_WARN_64_TO_32_BIT_CONVERSION = YES;
				GCC_WARN_ABOUT_RETURN_TYPE = YES_ERROR;
				GCC_WARN_UNDECLARED_SELECTOR = YES;
				GCC_WARN_UNINITIALIZED_AUTOS = YES_AGGRESSIVE;
				GCC_WARN_UNUSED_FUNCTION = YES;
				GCC_WARN_UNUSED_VARIABLE = YES;
				IPHONEOS_DEPLOYMENT_TARGET = 16.4;
				MTL_ENABLE_DEBUG_INFO = NO;
				MTL_FAST_MATH = YES;
				SDKROOT = iphoneos;
				SWIFT_COMPILATION_MODE = wholemodule;
				SWIFT_OPTIMIZATION_LEVEL = "-O";
				VALIDATE_PRODUCT = YES;
			};
			name = Release;
		};
		ABAF415329E7369700669FB0 /* Debug */ = {
			isa = XCBuildConfiguration;
			buildSettings = {
				ASSETCATALOG_COMPILER_APPICON_NAME = AppIcon;
				ASSETCATALOG_COMPILER_GLOBAL_ACCENT_COLOR_NAME = AccentColor;
				CODE_SIGN_STYLE = Automatic;
				CURRENT_PROJECT_VERSION = 1;
				GENERATE_INFOPLIST_FILE = YES;
				INFOPLIST_FILE = Remindful/Info.plist;
				INFOPLIST_KEY_UIApplicationSupportsIndirectInputEvents = YES;
				INFOPLIST_KEY_UILaunchStoryboardName = LaunchScreen;
				INFOPLIST_KEY_UIMainStoryboardFile = Main;
				INFOPLIST_KEY_UISupportedInterfaceOrientations_iPad = "UIInterfaceOrientationPortrait UIInterfaceOrientationPortraitUpsideDown UIInterfaceOrientationLandscapeLeft UIInterfaceOrientationLandscapeRight";
				INFOPLIST_KEY_UISupportedInterfaceOrientations_iPhone = "UIInterfaceOrientationPortrait UIInterfaceOrientationLandscapeLeft UIInterfaceOrientationLandscapeRight";
				LD_RUNPATH_SEARCH_PATHS = (
					"$(inherited)",
					"@executable_path/Frameworks",
				);
				MARKETING_VERSION = 1.0;
				PRODUCT_BUNDLE_IDENTIFIER = banaz.Remindful;
				PRODUCT_NAME = "$(TARGET_NAME)";
				SWIFT_EMIT_LOC_STRINGS = YES;
				SWIFT_VERSION = 5.0;
				TARGETED_DEVICE_FAMILY = "1,2";
			};
			name = Debug;
		};
		ABAF415429E7369700669FB0 /* Release */ = {
			isa = XCBuildConfiguration;
			buildSettings = {
				ASSETCATALOG_COMPILER_APPICON_NAME = AppIcon;
				ASSETCATALOG_COMPILER_GLOBAL_ACCENT_COLOR_NAME = AccentColor;
				CODE_SIGN_STYLE = Automatic;
				CURRENT_PROJECT_VERSION = 1;
				GENERATE_INFOPLIST_FILE = YES;
				INFOPLIST_FILE = Remindful/Info.plist;
				INFOPLIST_KEY_UIApplicationSupportsIndirectInputEvents = YES;
				INFOPLIST_KEY_UILaunchStoryboardName = LaunchScreen;
				INFOPLIST_KEY_UIMainStoryboardFile = Main;
				INFOPLIST_KEY_UISupportedInterfaceOrientations_iPad = "UIInterfaceOrientationPortrait UIInterfaceOrientationPortraitUpsideDown UIInterfaceOrientationLandscapeLeft UIInterfaceOrientationLandscapeRight";
				INFOPLIST_KEY_UISupportedInterfaceOrientations_iPhone = "UIInterfaceOrientationPortrait UIInterfaceOrientationLandscapeLeft UIInterfaceOrientationLandscapeRight";
				LD_RUNPATH_SEARCH_PATHS = (
					"$(inherited)",
					"@executable_path/Frameworks",
				);
				MARKETING_VERSION = 1.0;
				PRODUCT_BUNDLE_IDENTIFIER = banaz.Remindful;
				PRODUCT_NAME = "$(TARGET_NAME)";
				SWIFT_EMIT_LOC_STRINGS = YES;
				SWIFT_VERSION = 5.0;
				TARGETED_DEVICE_FAMILY = "1,2";
			};
			name = Release;
		};
		ABAF415629E7369700669FB0 /* Debug */ = {
			isa = XCBuildConfiguration;
			buildSettings = {
				ALWAYS_EMBED_SWIFT_STANDARD_LIBRARIES = YES;
				BUNDLE_LOADER = "$(TEST_HOST)";
				CODE_SIGN_STYLE = Automatic;
				CURRENT_PROJECT_VERSION = 1;
				GENERATE_INFOPLIST_FILE = YES;
				IPHONEOS_DEPLOYMENT_TARGET = 16.4;
				MARKETING_VERSION = 1.0;
				PRODUCT_BUNDLE_IDENTIFIER = banaz.RemindfulTests;
				PRODUCT_NAME = "$(TARGET_NAME)";
				SWIFT_EMIT_LOC_STRINGS = NO;
				SWIFT_VERSION = 5.0;
				TARGETED_DEVICE_FAMILY = "1,2";
				TEST_HOST = "$(BUILT_PRODUCTS_DIR)/Remindful.app/$(BUNDLE_EXECUTABLE_FOLDER_PATH)/Remindful";
			};
			name = Debug;
		};
		ABAF415729E7369700669FB0 /* Release */ = {
			isa = XCBuildConfiguration;
			buildSettings = {
				ALWAYS_EMBED_SWIFT_STANDARD_LIBRARIES = YES;
				BUNDLE_LOADER = "$(TEST_HOST)";
				CODE_SIGN_STYLE = Automatic;
				CURRENT_PROJECT_VERSION = 1;
				GENERATE_INFOPLIST_FILE = YES;
				IPHONEOS_DEPLOYMENT_TARGET = 16.4;
				MARKETING_VERSION = 1.0;
				PRODUCT_BUNDLE_IDENTIFIER = banaz.RemindfulTests;
				PRODUCT_NAME = "$(TARGET_NAME)";
				SWIFT_EMIT_LOC_STRINGS = NO;
				SWIFT_VERSION = 5.0;
				TARGETED_DEVICE_FAMILY = "1,2";
				TEST_HOST = "$(BUILT_PRODUCTS_DIR)/Remindful.app/$(BUNDLE_EXECUTABLE_FOLDER_PATH)/Remindful";
			};
			name = Release;
		};
		ABAF415929E7369700669FB0 /* Debug */ = {
			isa = XCBuildConfiguration;
			buildSettings = {
				ALWAYS_EMBED_SWIFT_STANDARD_LIBRARIES = YES;
				CODE_SIGN_STYLE = Automatic;
				CURRENT_PROJECT_VERSION = 1;
				GENERATE_INFOPLIST_FILE = YES;
				MARKETING_VERSION = 1.0;
				PRODUCT_BUNDLE_IDENTIFIER = banaz.RemindfulUITests;
				PRODUCT_NAME = "$(TARGET_NAME)";
				SWIFT_EMIT_LOC_STRINGS = NO;
				SWIFT_VERSION = 5.0;
				TARGETED_DEVICE_FAMILY = "1,2";
				TEST_TARGET_NAME = Remindful;
			};
			name = Debug;
		};
		ABAF415A29E7369700669FB0 /* Release */ = {
			isa = XCBuildConfiguration;
			buildSettings = {
				ALWAYS_EMBED_SWIFT_STANDARD_LIBRARIES = YES;
				CODE_SIGN_STYLE = Automatic;
				CURRENT_PROJECT_VERSION = 1;
				GENERATE_INFOPLIST_FILE = YES;
				MARKETING_VERSION = 1.0;
				PRODUCT_BUNDLE_IDENTIFIER = banaz.RemindfulUITests;
				PRODUCT_NAME = "$(TARGET_NAME)";
				SWIFT_EMIT_LOC_STRINGS = NO;
				SWIFT_VERSION = 5.0;
				TARGETED_DEVICE_FAMILY = "1,2";
				TEST_TARGET_NAME = Remindful;
			};
			name = Release;
		};
/* End XCBuildConfiguration section */

/* Begin XCConfigurationList section */
		ABAF412329E7369600669FB0 /* Build configuration list for PBXProject "Remindful" */ = {
			isa = XCConfigurationList;
			buildConfigurations = (
				ABAF415029E7369700669FB0 /* Debug */,
				ABAF415129E7369700669FB0 /* Release */,
			);
			defaultConfigurationIsVisible = 0;
			defaultConfigurationName = Release;
		};
		ABAF415229E7369700669FB0 /* Build configuration list for PBXNativeTarget "Remindful" */ = {
			isa = XCConfigurationList;
			buildConfigurations = (
				ABAF415329E7369700669FB0 /* Debug */,
				ABAF415429E7369700669FB0 /* Release */,
			);
			defaultConfigurationIsVisible = 0;
			defaultConfigurationName = Release;
		};
		ABAF415529E7369700669FB0 /* Build configuration list for PBXNativeTarget "RemindfulTests" */ = {
			isa = XCConfigurationList;
			buildConfigurations = (
				ABAF415629E7369700669FB0 /* Debug */,
				ABAF415729E7369700669FB0 /* Release */,
			);
			defaultConfigurationIsVisible = 0;
			defaultConfigurationName = Release;
		};
		ABAF415829E7369700669FB0 /* Build configuration list for PBXNativeTarget "RemindfulUITests" */ = {
			isa = XCConfigurationList;
			buildConfigurations = (
				ABAF415929E7369700669FB0 /* Debug */,
				ABAF415A29E7369700669FB0 /* Release */,
			);
			defaultConfigurationIsVisible = 0;
			defaultConfigurationName = Release;
		};
/* End XCConfigurationList section */
	};
	rootObject = ABAF412029E7369600669FB0 /* Project object */;
}
